
Microsoft Visual Studio Solution File, Format Version 12.00
# Visual Studio 14
VisualStudioVersion = 14.0.25123.0
MinimumVisualStudioVersion = 10.0.40219.1
Project("{FAE04EC0-301F-11D3-BF4B-00C04F79EFBC}") = "ContactsManager.Domain", "ContactsManager.Domain\ContactsManager.Domain.csproj", "{4DCC9F2D-146B-40CC-B6C5-0FE35638EABB}"
EndProject
Project("{FAE04EC0-301F-11D3-BF4B-00C04F79EFBC}") = "ContactsManager.Web", "ContactsManager.Web\ContactsManager.Web.csproj", "{C7FD87E4-368C-4351-AFB8-0090FA72A0CC}"
EndProject
Project("{FAE04EC0-301F-11D3-BF4B-00C04F79EFBC}") = "ContactsManager.Web.Tests", "ContactsManager.Web.Tests\ContactsManager.Web.Tests.csproj", "{2A93785A-CB71-418D-8E36-F3CDBD9BB644}"
EndProject
Global
	GlobalSection(SolutionConfigurationPlatforms) = preSolution
		Debug|Any CPU = Debug|Any CPU
		Release|Any CPU = Release|Any CPU
	EndGlobalSection
	GlobalSection(ProjectConfigurationPlatforms) = postSolution
		{4DCC9F2D-146B-40CC-B6C5-0FE35638EABB}.Debug|Any CPU.ActiveCfg = Debug|Any CPU
		{4DCC9F2D-146B-40CC-B6C5-0FE35638EABB}.Debug|Any CPU.Build.0 = Debug|Any CPU
		{4DCC9F2D-146B-40CC-B6C5-0FE35638EABB}.Release|Any CPU.ActiveCfg = Release|Any CPU
		{4DCC9F2D-146B-40CC-B6C5-0FE35638EABB}.Release|Any CPU.Build.0 = Release|Any CPU
		{C7FD87E4-368C-4351-AFB8-0090FA72A0CC}.Debug|Any CPU.ActiveCfg = Debug|Any CPU
		{C7FD87E4-368C-4351-AFB8-0090FA72A0CC}.Debug|Any CPU.Build.0 = Debug|Any CPU
		{C7FD87E4-368C-4351-AFB8-0090FA72A0CC}.Release|Any CPU.ActiveCfg = Release|Any CPU
		{C7FD87E4-368C-4351-AFB8-0090FA72A0CC}.Release|Any CPU.Build.0 = Release|Any CPU
		{2A93785A-CB71-418D-8E36-F3CDBD9BB644}.Debug|Any CPU.ActiveCfg = Debug|Any CPU
		{2A93785A-CB71-418D-8E36-F3CDBD9BB644}.Debug|Any CPU.Build.0 = Debug|Any CPU
		{2A93785A-CB71-418D-8E36-F3CDBD9BB644}.Release|Any CPU.ActiveCfg = Release|Any CPU
		{2A93785A-CB71-418D-8E36-F3CDBD9BB644}.Release|Any CPU.Build.0 = Release|Any CPU
	EndGlobalSection
	GlobalSection(SolutionProperties) = preSolution
		HideSolutionNode = FALSE
	EndGlobalSection
EndGlobal
